
Microsoft Visual Studio Solution File, Format Version 11.00
# Visual Studio 2010
Project("{FAE04EC0-301F-11D3-BF4B-00C04F79EFBC}") = "RayTracer", "RayTracer\RayTracer.csproj", "{7BBB6D21-4D32-4CF8-A4E1-C38B80B0E391}"
EndProject
Global
	GlobalSection(SolutionConfigurationPlatforms) = preSolution
		Debug|Any CPU = Debug|Any CPU
		Debug|x86 = Debug|x86
		Release|Any CPU = Release|Any CPU
		Release|x86 = Release|x86
	EndGlobalSection
	GlobalSection(ProjectConfigurationPlatforms) = postSolution
		{7BBB6D21-4D32-4CF8-A4E1-C38B80B0E391}.Debug|Any CPU.ActiveCfg = Debug|Any CPU
		{7BBB6D21-4D32-4CF8-A4E1-C38B80B0E391}.Debug|Any CPU.Build.0 = Debug|Any CPU
		{7BBB6D21-4D32-4CF8-A4E1-C38B80B0E391}.Debug|x86.ActiveCfg = Debug|x86
		{7BBB6D21-4D32-4CF8-A4E1-C38B80B0E391}.Debug|x86.Build.0 = Debug|x86
		{7BBB6D21-4D32-4CF8-A4E1-C38B80B0E391}.Release|Any CPU.ActiveCfg = Release|Any CPU
		{7BBB6D21-4D32-4CF8-A4E1-C38B80B0E391}.Release|Any CPU.Build.0 = Release|Any CPU
		{7BBB6D21-4D32-4CF8-A4E1-C38B80B0E391}.Release|x86.ActiveCfg = Release|x86
		{7BBB6D21-4D32-4CF8-A4E1-C38B80B0E391}.Release|x86.Build.0 = Release|x86
	EndGlobalSection
	GlobalSection(SolutionProperties) = preSolution
		HideSolutionNode = FALSE
	EndGlobalSection
	GlobalSection(MonoDevelopProperties) = preSolution
		StartupItem = RayDebugParser\RayDebugParser.csproj
	EndGlobalSection
EndGlobal
